
Microsoft Visual Studio Solution File, Format Version 12.00
# Visual Studio Version 16
VisualStudioVersion = 16.0.29102.190
MinimumVisualStudioVersion = 10.0.40219.1
Project("{FAE04EC0-301F-11D3-BF4B-00C04F79EFBC}") = "WireMock", "WireMock\WireMock.csproj", "{BB9C11FC-3BCB-44F1-9AD8-531584308543}"
EndProject
Project("{FAE04EC0-301F-11D3-BF4B-00C04F79EFBC}") = "WireMockTests", "WireMockUnitTest\WireMockTests.csproj", "{9D9BA60C-FBE4-49AF-B231-D8C2C6EA3281}"
EndProject
Global
	GlobalSection(SolutionConfigurationPlatforms) = preSolution
		Debug|Any CPU = Debug|Any CPU
		Release|Any CPU = Release|Any CPU
	EndGlobalSection
	GlobalSection(ProjectConfigurationPlatforms) = postSolution
		{BB9C11FC-3BCB-44F1-9AD8-531584308543}.Debug|Any CPU.ActiveCfg = Debug|Any CPU
		{BB9C11FC-3BCB-44F1-9AD8-531584308543}.Debug|Any CPU.Build.0 = Debug|Any CPU
		{BB9C11FC-3BCB-44F1-9AD8-531584308543}.Release|Any CPU.ActiveCfg = Release|Any CPU
		{BB9C11FC-3BCB-44F1-9AD8-531584308543}.Release|Any CPU.Build.0 = Release|Any CPU
		{9D9BA60C-FBE4-49AF-B231-D8C2C6EA3281}.Debug|Any CPU.ActiveCfg = Debug|Any CPU
		{9D9BA60C-FBE4-49AF-B231-D8C2C6EA3281}.Debug|Any CPU.Build.0 = Debug|Any CPU
		{9D9BA60C-FBE4-49AF-B231-D8C2C6EA3281}.Release|Any CPU.ActiveCfg = Release|Any CPU
		{9D9BA60C-FBE4-49AF-B231-D8C2C6EA3281}.Release|Any CPU.Build.0 = Release|Any CPU
	EndGlobalSection
	GlobalSection(SolutionProperties) = preSolution
		HideSolutionNode = FALSE
	EndGlobalSection
	GlobalSection(ExtensibilityGlobals) = postSolution
		SolutionGuid = {B62828D2-79F2-4C34-B7D1-28CE5B2803DE}
	EndGlobalSection
EndGlobal
